Microsoft Visual Studio Solution File, Format Version 12.00
# Visual Studio Version 17
VisualStudioVersion = 17.5.2.0
MinimumVisualStudioVersion = 10.0.40219.1
Project("{FAE04EC0-301F-11D3-BF4B-00C04F79EFBC}") = "Website", "src\server\Website\Website.csproj", "{2272C85D-D65B-38BB-5B87-EBEEE6885F20}"
EndProject
Project("{FAE04EC0-301F-11D3-BF4B-00C04F79EFBC}") = "Website.Tests", "tests\Website.Tests\Website.Tests.csproj", "{E2CD11F4-3940-61B2-92BF-6356DBEEF94A}"
EndProject
Project("{2150E333-8FDC-42A3-9474-1A3956D46DE8}") = "API", "API", "{02EA681E-C7D8-13C7-8484-4AC65E1B71E8}"
EndProject
Project("{2150E333-8FDC-42A3-9474-1A3956D46DE8}") = "Tests", "Tests", "{9744C8D9-762E-4ED1-83B0-621F5BF0AC8B}"
EndProject
Global
	GlobalSection(SolutionConfigurationPlatforms) = preSolution
		Debug|Any CPU = Debug|Any CPU
		Release|Any CPU = Release|Any CPU
	EndGlobalSection
	GlobalSection(ProjectConfigurationPlatforms) = postSolution
		{2272C85D-D65B-38BB-5B87-EBEEE6885F20}.Debug|Any CPU.ActiveCfg = Debug|Any CPU
		{2272C85D-D65B-38BB-5B87-EBEEE6885F20}.Debug|Any CPU.Build.0 = Debug|Any CPU
		{2272C85D-D65B-38BB-5B87-EBEEE6885F20}.Release|Any CPU.ActiveCfg = Release|Any CPU
		{2272C85D-D65B-38BB-5B87-EBEEE6885F20}.Release|Any CPU.Build.0 = Release|Any CPU
		{E2CD11F4-3940-61B2-92BF-6356DBEEF94A}.Debug|Any CPU.ActiveCfg = Debug|Any CPU
		{E2CD11F4-3940-61B2-92BF-6356DBEEF94A}.Debug|Any CPU.Build.0 = Debug|Any CPU
		{E2CD11F4-3940-61B2-92BF-6356DBEEF94A}.Release|Any CPU.ActiveCfg = Release|Any CPU
		{E2CD11F4-3940-61B2-92BF-6356DBEEF94A}.Release|Any CPU.Build.0 = Release|Any CPU
	EndGlobalSection
	GlobalSection(SolutionProperties) = preSolution
		HideSolutionNode = FALSE
	EndGlobalSection
	GlobalSection(NestedProjects) = preSolution
		{2272C85D-D65B-38BB-5B87-EBEEE6885F20} = {02EA681E-C7D8-13C7-8484-4AC65E1B71E8}
		{E2CD11F4-3940-61B2-92BF-6356DBEEF94A} = {9744C8D9-762E-4ED1-83B0-621F5BF0AC8B}
	EndGlobalSection
	GlobalSection(ExtensibilityGlobals) = postSolution
		SolutionGuid = {99DA3994-0F10-46F6-9B54-AC7DF632710B}
	EndGlobalSection
EndGlobal
